
Microsoft Visual Studio Solution File, Format Version 12.00
# Visual Studio Version 17
VisualStudioVersion = 17.14.36414.22
MinimumVisualStudioVersion = 10.0.40219.1
Project("{FAE04EC0-301F-11D3-BF4B-00C04F79EFBC}") = "PatientService", "PatientService.csproj", "{F22F9EFD-303C-67A7-C0C7-4B4E044E6A47}"
EndProject
Project("{FAE04EC0-301F-11D3-BF4B-00C04F79EFBC}") = "UserService", "..\UserService\UserService.csproj", "{61E1E906-3CE9-414A-81B9-88639077E8A1}"
EndProject
Global
	GlobalSection(SolutionConfigurationPlatforms) = preSolution
		Debug|Any CPU = Debug|Any CPU
		Release|Any CPU = Release|Any CPU
	EndGlobalSection
	GlobalSection(ProjectConfigurationPlatforms) = postSolution
		{F22F9EFD-303C-67A7-C0C7-4B4E044E6A47}.Debug|Any CPU.ActiveCfg = Debug|Any CPU
		{F22F9EFD-303C-67A7-C0C7-4B4E044E6A47}.Debug|Any CPU.Build.0 = Debug|Any CPU
		{F22F9EFD-303C-67A7-C0C7-4B4E044E6A47}.Release|Any CPU.ActiveCfg = Release|Any CPU
		{F22F9EFD-303C-67A7-C0C7-4B4E044E6A47}.Release|Any CPU.Build.0 = Release|Any CPU
		{61E1E906-3CE9-414A-81B9-88639077E8A1}.Debug|Any CPU.ActiveCfg = Debug|Any CPU
		{61E1E906-3CE9-414A-81B9-88639077E8A1}.Debug|Any CPU.Build.0 = Debug|Any CPU
		{61E1E906-3CE9-414A-81B9-88639077E8A1}.Release|Any CPU.ActiveCfg = Release|Any CPU
		{61E1E906-3CE9-414A-81B9-88639077E8A1}.Release|Any CPU.Build.0 = Release|Any CPU
	EndGlobalSection
	GlobalSection(SolutionProperties) = preSolution
		HideSolutionNode = FALSE
	EndGlobalSection
	GlobalSection(ExtensibilityGlobals) = postSolution
		SolutionGuid = {7AE440AB-4F0A-41EC-84F4-29E351DE17E9}
	EndGlobalSection
EndGlobal
