
Microsoft Visual Studio Solution File, Format Version 12.00
# Visual Studio Version 17
VisualStudioVersion = 17.14.36414.22
MinimumVisualStudioVersion = 10.0.40219.1
Project("{FAE04EC0-301F-11D3-BF4B-00C04F79EFBC}") = "DoctorRegistration", "DoctorRegistration\DoctorRegistration.csproj", "{31C08F15-384A-4032-9A80-8DAACEE60D1B}"
EndProject
Project("{FAE04EC0-301F-11D3-BF4B-00C04F79EFBC}") = "DoctorSlots_MicroServices", "DoctorSlots_MicroServices\DoctorSlots_MicroServices.csproj", "{AE021FC7-5893-4C85-978F-B903C15C0488}"
EndProject
Project("{FAE04EC0-301F-11D3-BF4B-00C04F79EFBC}") = "HttpClient_ocelot", "HttpClient_ocelot\HttpClient_ocelot.csproj", "{993285FE-D646-4E13-8E85-26234E392D7F}"
EndProject
Global
	GlobalSection(SolutionConfigurationPlatforms) = preSolution
		Debug|Any CPU = Debug|Any CPU
		Release|Any CPU = Release|Any CPU
	EndGlobalSection
	GlobalSection(ProjectConfigurationPlatforms) = postSolution
		{31C08F15-384A-4032-9A80-8DAACEE60D1B}.Debug|Any CPU.ActiveCfg = Debug|Any CPU
		{31C08F15-384A-4032-9A80-8DAACEE60D1B}.Debug|Any CPU.Build.0 = Debug|Any CPU
		{31C08F15-384A-4032-9A80-8DAACEE60D1B}.Release|Any CPU.ActiveCfg = Release|Any CPU
		{31C08F15-384A-4032-9A80-8DAACEE60D1B}.Release|Any CPU.Build.0 = Release|Any CPU
		{AE021FC7-5893-4C85-978F-B903C15C0488}.Debug|Any CPU.ActiveCfg = Debug|Any CPU
		{AE021FC7-5893-4C85-978F-B903C15C0488}.Debug|Any CPU.Build.0 = Debug|Any CPU
		{AE021FC7-5893-4C85-978F-B903C15C0488}.Release|Any CPU.ActiveCfg = Release|Any CPU
		{AE021FC7-5893-4C85-978F-B903C15C0488}.Release|Any CPU.Build.0 = Release|Any CPU
		{993285FE-D646-4E13-8E85-26234E392D7F}.Debug|Any CPU.ActiveCfg = Debug|Any CPU
		{993285FE-D646-4E13-8E85-26234E392D7F}.Debug|Any CPU.Build.0 = Debug|Any CPU
		{993285FE-D646-4E13-8E85-26234E392D7F}.Release|Any CPU.ActiveCfg = Release|Any CPU
		{993285FE-D646-4E13-8E85-26234E392D7F}.Release|Any CPU.Build.0 = Release|Any CPU
	EndGlobalSection
	GlobalSection(SolutionProperties) = preSolution
		HideSolutionNode = FALSE
	EndGlobalSection
	GlobalSection(ExtensibilityGlobals) = postSolution
		SolutionGuid = {184BDCB0-786D-44FF-95A9-31C3A55CC4C4}
	EndGlobalSection
EndGlobal
